<?xml version="1.0" encoding="utf-8"?>
<Project ToolsVersion="4.0" xmlns="http://schemas.microsoft.com/developer/msbuild/2003">
  <ItemGroup>
    <ClInclude Include="..\..\..\fpCommon\fpCallback.h">
      <Filter>fpCommon</Filter>
    </ClInclude>
    <ClInclude Include="..\..\..\fpCommon\fpFunction.h">
      <Filter>fpCommon</Filter>
    </ClInclude>
    <ClInclude Include="..\..\..\fpCommon\fpCrc32Helper.h">
      <Filter>fpCommon</Filter>
    </ClInclude>
    <ClInclude Include="..\..\..\fpCommon\fpModuleInterface.h">
      <Filter>fpCommon</Filter>
    </ClInclude>
    <ClInclude Include="..\..\..\fpCommon\fpModuleManager.h">
      <Filter>fpCommon</Filter>
    </ClInclude>
    <ClInclude Include="..\..\..\fpSystem\WindowSystem\fpWindow.h">
      <Filter>WindowSystem</Filter>
    </ClInclude>
    <ClInclude Include="..\..\..\fpSystem\WindowSystem\fpWindowSystem.h">
      <Filter>WindowSystem</Filter>
    </ClInclude>
    <ClInclude Include="..\..\..\fpSystem\WindowSystem\SDL2\fpWindowSDL_GL.h">
      <Filter>WindowSystem\SDL2</Filter>
    </ClInclude>
    <ClInclude Include="..\..\..\fpSystem\Input\fpInputSystem.h">
      <Filter>Input</Filter>
    </ClInclude>
    <ClInclude Include="..\..\..\fpSystem\Input\fpKey.h">
      <Filter>Input</Filter>
    </ClInclude>
    <ClInclude Include="..\..\..\fpSystem\Input\fpKeyBind.h">
      <Filter>Input</Filter>
    </ClInclude>
    <ClInclude Include="..\..\..\fpSystem\Input\fpKeyboard.hpp">
      <Filter>Input</Filter>
    </ClInclude>
    <ClInclude Include="..\..\..\fpSystem\Input\SDL2\fpKeyboardSDL.h">
      <Filter>Input\SDL2</Filter>
    </ClInclude>
    <ClInclude Include="..\..\..\fpSystem\fpSystemInterface.h" />
    <ClInclude Include="..\..\..\fpSystem\Memory\fpMemorySystem.h">
      <Filter>Memory</Filter>
    </ClInclude>
    <ClInclude Include="..\..\..\fpSystem\Memory\fpMemory.h">
      <Filter>Memory</Filter>
    </ClInclude>
    <ClInclude Include="..\..\..\fpSystem\Memory\Windows\fpWindowsMemory.h">
      <Filter>Memory\Windows</Filter>
    </ClInclude>
    <ClInclude Include="..\..\..\fpSystem\Memory\fpMemoryStats.h">
      <Filter>Memory</Filter>
    </ClInclude>
    <ClInclude Include="..\..\..\fpSystem\Memory\fpAllocator.h">
      <Filter>Memory</Filter>
    </ClInclude>
    <ClInclude Include="..\..\..\fpSystem\Memory\fpStoringAllocator.h">
      <Filter>Memory</Filter>
    </ClInclude>
  </ItemGroup>
  <ItemGroup>
    <Filter Include="fpCommon">
      <UniqueIdentifier>{16a37730-f4e0-4562-9954-42bf0b971ce0}</UniqueIdentifier>
    </Filter>
    <Filter Include="WindowSystem">
      <UniqueIdentifier>{243dfc16-6304-4156-96e3-fe1e031f2f30}</UniqueIdentifier>
    </Filter>
    <Filter Include="Input">
      <UniqueIdentifier>{305b38f8-43bd-4394-be10-69d47f5d03ad}</UniqueIdentifier>
    </Filter>
    <Filter Include="WindowSystem\SDL2">
      <UniqueIdentifier>{0319c20b-0b27-4171-aa7a-5117e5d0501b}</UniqueIdentifier>
    </Filter>
    <Filter Include="Input\SDL2">
      <UniqueIdentifier>{24fc5121-308f-4a13-a16d-baaf7166504d}</UniqueIdentifier>
    </Filter>
    <Filter Include="Memory">
      <UniqueIdentifier>{8fae763f-025a-4b6b-9417-c3791366fc9e}</UniqueIdentifier>
    </Filter>
    <Filter Include="Memory\Windows">
      <UniqueIdentifier>{ea1cd7e4-708a-4439-8e57-59e6054be718}</UniqueIdentifier>
    </Filter>
  </ItemGroup>
  <ItemGroup>
    <ClCompile Include="..\..\..\fpSystem\WindowSystem\fpWindow.cpp">
      <Filter>WindowSystem</Filter>
    </ClCompile>
    <ClCompile Include="..\..\..\fpSystem\WindowSystem\fpWindowSystem.cpp">
      <Filter>WindowSystem</Filter>
    </ClCompile>
    <ClCompile Include="..\..\..\fpSystem\WindowSystem\SDL2\fpWindowSDL_GL.cpp">
      <Filter>WindowSystem\SDL2</Filter>
    </ClCompile>
    <ClCompile Include="..\..\..\fpSystem\Input\fpInputSystem.cpp">
      <Filter>Input</Filter>
    </ClCompile>
    <ClCompile Include="..\..\..\fpSystem\Input\fpKeyBind.cpp">
      <Filter>Input</Filter>
    </ClCompile>
    <ClCompile Include="..\..\..\fpSystem\Input\fpKeyBoard.cpp">
      <Filter>Input</Filter>
    </ClCompile>
    <ClCompile Include="..\..\..\fpSystem\Input\SDL2\fpKeyboardSDL.cpp">
      <Filter>Input\SDL2</Filter>
    </ClCompile>
    <ClCompile Include="..\..\..\fpSystem\Memory\Windows\fpWindowsMemory.cpp">
      <Filter>Memory\Windows</Filter>
    </ClCompile>
  </ItemGroup>
</Project>