<?xml version="1.0" encoding="utf-8"?>
<Project ToolsVersion="4.0" xmlns="http://schemas.microsoft.com/developer/msbuild/2003">
  <ItemGroup>
    <ClInclude Include="..\..\..\fpCommon\defines.h">
      <Filter>fpCommon</Filter>
    </ClInclude>
    <ClInclude Include="..\..\..\fpCommon\fpCallback.h">
      <Filter>fpCommon</Filter>
    </ClInclude>
    <ClInclude Include="..\..\..\fpCommon\fpFunction.h">
      <Filter>fpCommon</Filter>
    </ClInclude>
    <ClInclude Include="..\..\..\fpCommon\typedefs.h">
      <Filter>fpCommon</Filter>
    </ClInclude>
    <ClInclude Include="..\..\..\fpCommon\fpSharedPtr.h">
      <Filter>fpCommon</Filter>
    </ClInclude>
    <ClInclude Include="..\..\..\fpCommon\fpCommon.h">
      <Filter>fpCommon</Filter>
    </ClInclude>
    <ClInclude Include="..\..\..\FlyPart.h" />
    <ClInclude Include="..\..\..\Core\GenericPlatform\Input\fpInputSystem.h">
      <Filter>Core\GenericPlatform\Input</Filter>
    </ClInclude>
    <ClInclude Include="..\..\..\Core\GenericPlatform\Input\fpKey.h">
      <Filter>Core\GenericPlatform\Input</Filter>
    </ClInclude>
    <ClInclude Include="..\..\..\Core\GenericPlatform\Input\fpKeyBind.h">
      <Filter>Core\GenericPlatform\Input</Filter>
    </ClInclude>
    <ClInclude Include="..\..\..\Core\GenericPlatform\Input\fpKeyboard.hpp">
      <Filter>Core\GenericPlatform\Input</Filter>
    </ClInclude>
    <ClInclude Include="..\..\..\Core\GenericPlatform\Window\fpWindow.h">
      <Filter>Core\GenericPlatform\Window</Filter>
    </ClInclude>
    <ClInclude Include="..\..\..\Core\GenericPlatform\Window\fpWindowSystem.h">
      <Filter>Core\GenericPlatform\Window</Filter>
    </ClInclude>
    <ClInclude Include="..\..\..\Core\GenericPlatform\Memory\fpMemorySystem.h">
      <Filter>Core\GenericPlatform\Memory</Filter>
    </ClInclude>
    <ClInclude Include="..\..\..\Core\GenericPlatform\Memory\fpPlatformMemory.h">
      <Filter>Core\GenericPlatform\Memory</Filter>
    </ClInclude>
    <ClInclude Include="..\..\..\Core\CoreAbstractLayer\fpAllocator.h">
      <Filter>Core\CoreAbstractLayer</Filter>
    </ClInclude>
    <ClInclude Include="..\..\..\Core\CoreAbstractLayer\fpMemoryStats.h">
      <Filter>Core\CoreAbstractLayer</Filter>
    </ClInclude>
    <ClInclude Include="..\..\..\Core\CoreAbstractLayer\fpPoolAllocator.h">
      <Filter>Core\CoreAbstractLayer</Filter>
    </ClInclude>
    <ClInclude Include="..\..\..\Core\Windows\fpWindowsMemory.h">
      <Filter>Core\Windows</Filter>
    </ClInclude>
    <ClInclude Include="..\..\..\Core\GenericPlatform\fpSystemInterface.h">
      <Filter>Core\GenericPlatform</Filter>
    </ClInclude>
    <ClInclude Include="..\..\..\Core\GenericPlatform\fpSystemEventDispatcher.h">
      <Filter>Core\GenericPlatform</Filter>
    </ClInclude>
    <ClInclude Include="..\..\..\Core\GenericPlatform\fpSystemEventHandler.h">
      <Filter>Core\GenericPlatform</Filter>
    </ClInclude>
    <ClInclude Include="..\..\..\Core\GenericPlatform\fpAtomics.h">
      <Filter>Core\GenericPlatform</Filter>
    </ClInclude>
    <ClInclude Include="..\..\..\Core\Windows\fpWindowsAtomics.h">
      <Filter>Core\Windows</Filter>
    </ClInclude>
    <ClInclude Include="..\..\..\Core\CoreCommonHeader.h">
      <Filter>Core</Filter>
    </ClInclude>
    <ClInclude Include="..\..\..\fpCommon\CommonHelperFunctions.h">
      <Filter>fpCommon</Filter>
    </ClInclude>
    <ClInclude Include="..\..\..\fpCommon\TypeTraits.h">
      <Filter>fpCommon</Filter>
    </ClInclude>
    <ClInclude Include="..\..\..\fpCommon\SmartPtrPrivate.h">
      <Filter>fpCommon</Filter>
    </ClInclude>
    <ClInclude Include="..\..\..\fpCommon\SmartPtrTest.h">
      <Filter>fpCommon</Filter>
    </ClInclude>
  </ItemGroup>
  <ItemGroup>
    <Filter Include="fpCommon">
      <UniqueIdentifier>{16a37730-f4e0-4562-9954-42bf0b971ce0}</UniqueIdentifier>
    </Filter>
    <Filter Include="Core">
      <UniqueIdentifier>{bea7261a-186c-4129-8571-17ba8794a45d}</UniqueIdentifier>
    </Filter>
    <Filter Include="Core\GenericPlatform">
      <UniqueIdentifier>{a50ad578-a94d-4269-9bb4-510657014c09}</UniqueIdentifier>
    </Filter>
    <Filter Include="Core\Windows">
      <UniqueIdentifier>{9ccad4b3-ed7c-496e-a1be-278763e85a5c}</UniqueIdentifier>
    </Filter>
    <Filter Include="Core\GenericPlatform\Input">
      <UniqueIdentifier>{bc7ca665-4e89-43cf-b5fa-0d8659a3d5ee}</UniqueIdentifier>
    </Filter>
    <Filter Include="Core\GenericPlatform\Window">
      <UniqueIdentifier>{6b49b18f-af28-4eee-a848-414eb97ccfc5}</UniqueIdentifier>
    </Filter>
    <Filter Include="Core\GenericPlatform\Memory">
      <UniqueIdentifier>{3d555241-dc84-4fbc-9a29-7419bc6a9e22}</UniqueIdentifier>
    </Filter>
    <Filter Include="Core\CoreAbstractLayer">
      <UniqueIdentifier>{1b47da54-f1ad-416a-900f-dffdb4d9a43c}</UniqueIdentifier>
    </Filter>
  </ItemGroup>
  <ItemGroup>
    <ClCompile Include="..\..\..\Core\GenericPlatform\Input\fpInputSystem.cpp">
      <Filter>Core\GenericPlatform\Input</Filter>
    </ClCompile>
    <ClCompile Include="..\..\..\Core\GenericPlatform\Input\fpKeyBind.cpp">
      <Filter>Core\GenericPlatform\Input</Filter>
    </ClCompile>
    <ClCompile Include="..\..\..\Core\GenericPlatform\Input\fpKeyBoard.cpp">
      <Filter>Core\GenericPlatform\Input</Filter>
    </ClCompile>
    <ClCompile Include="..\..\..\Core\GenericPlatform\Window\fpWindow.cpp">
      <Filter>Core\GenericPlatform\Window</Filter>
    </ClCompile>
    <ClCompile Include="..\..\..\Core\GenericPlatform\Window\fpWindowSystem.cpp">
      <Filter>Core\GenericPlatform\Window</Filter>
    </ClCompile>
    <ClCompile Include="..\..\..\Core\GenericPlatform\Memory\fpMemorySystem.cpp">
      <Filter>Core\GenericPlatform\Memory</Filter>
    </ClCompile>
    <ClCompile Include="..\..\..\Core\Windows\fpWindowsMemory.cpp">
      <Filter>Core\Windows</Filter>
    </ClCompile>
    <ClCompile Include="..\..\..\Core\Windows\fpWindowsAtomics.cpp">
      <Filter>Core\Windows</Filter>
    </ClCompile>
  </ItemGroup>
</Project>